
Microsoft Visual Studio Solution File, Format Version 12.00
# Visual Studio Version 16
VisualStudioVersion = 16.0.28803.452
MinimumVisualStudioVersion = 10.0.40219.1
Project("{FAE04EC0-301F-11D3-BF4B-00C04F79EFBC}") = "it", "it.csproj", "{F5FB8AE0-3AFF-41BD-B082-E9E2DDC90865}"
EndProject
Global
	GlobalSection(SolutionConfigurationPlatforms) = preSolution
		Debug|Any CPU = Debug|Any CPU
		Release|Any CPU = Release|Any CPU
	EndGlobalSection
	GlobalSection(ProjectConfigurationPlatforms) = postSolution
		{F5FB8AE0-3AFF-41BD-B082-E9E2DDC90865}.Debug|Any CPU.ActiveCfg = Debug|Any CPU
		{F5FB8AE0-3AFF-41BD-B082-E9E2DDC90865}.Debug|Any CPU.Build.0 = Debug|Any CPU
		{F5FB8AE0-3AFF-41BD-B082-E9E2DDC90865}.Release|Any CPU.ActiveCfg = Release|Any CPU
		{F5FB8AE0-3AFF-41BD-B082-E9E2DDC90865}.Release|Any CPU.Build.0 = Release|Any CPU
	EndGlobalSection
	GlobalSection(SolutionProperties) = preSolution
		HideSolutionNode = FALSE
	EndGlobalSection
	GlobalSection(ExtensibilityGlobals) = postSolution
		SolutionGuid = {734E3BCB-88B1-4840-ACAC-7B4D948E6E65}
	EndGlobalSection
EndGlobal
